
Microsoft Visual Studio Solution File, Format Version 12.00
# Visual Studio Version 17
VisualStudioVersion = 17.5.002.0
MinimumVisualStudioVersion = 10.0.40219.1
Project("{9A19103F-16F7-4668-BE54-9A1E7A4F7556}") = "BloggingApplication", "BloggingApplication.csproj", "{E9FB6BE1-52FD-4DEB-AC9C-412678AB2DB6}"
EndProject
Global
	GlobalSection(SolutionConfigurationPlatforms) = preSolution
		Debug|Any CPU = Debug|Any CPU
		Release|Any CPU = Release|Any CPU
	EndGlobalSection
	GlobalSection(ProjectConfigurationPlatforms) = postSolution
		{E9FB6BE1-52FD-4DEB-AC9C-412678AB2DB6}.Debug|Any CPU.ActiveCfg = Debug|Any CPU
		{E9FB6BE1-52FD-4DEB-AC9C-412678AB2DB6}.Debug|Any CPU.Build.0 = Debug|Any CPU
		{E9FB6BE1-52FD-4DEB-AC9C-412678AB2DB6}.Release|Any CPU.ActiveCfg = Release|Any CPU
		{E9FB6BE1-52FD-4DEB-AC9C-412678AB2DB6}.Release|Any CPU.Build.0 = Release|Any CPU
	EndGlobalSection
	GlobalSection(SolutionProperties) = preSolution
		HideSolutionNode = FALSE
	EndGlobalSection
	GlobalSection(ExtensibilityGlobals) = postSolution
		SolutionGuid = {750D2395-5A26-4889-9245-87AD45763FA7}
	EndGlobalSection
EndGlobal
